{
  "name": "westmarch-generic",
  "version": "0.1.0",
  "lockfileVersion": 3,
  "requires": true,
  "packages": {
    "": {
      "name": "westmarch-generic",
      "version": "0.1.0",
      "license": "ISC",
      "devDependencies": {
        "publish-avrae": "^1.1.1"
      }
    },
    "node_modules/publish-avrae": {
      "version": "1.1.1",
      "resolved": "https://registry.npmjs.org/publish-avrae/-/publish-avrae-1.1.1.tgz",
      "integrity": "sha512-d7EJEfEBMK+OwFFEYGg+5B0CUwgoiz6lAtrVjm073DevK0Mej9E9STxK4JFjUX2oi+kRsZWCs7Acp4CfHP4Dhg==",
      "dev": true,
      "license": "ISC",
      "bin": {
        "publish-avrae": "src/cli.js"
      },
      "engines": {
        "node": ">=18"
      }
    }
  }
}
