{
  "name": "westmarch-generic",
  "version": "0.1.0",
  "lockfileVersion": 3,
  "requires": true,
  "packages": {
    "": {
      "name": "westmarch-generic",
      "version": "0.1.0",
      "devDependencies": {
        "publish-avrae": "^1.1.4"
      }
    },
    "node_modules/publish-avrae": {
      "version": "1.1.4",
      "resolved": "https://registry.npmjs.org/publish-avrae/-/publish-avrae-1.1.4.tgz",
      "integrity": "sha512-69V86MBaSoWOO79rwrmxYhdsUayX6sSKf8CDc5y6wr1Mxi2TS71fkW9P+eAQD9f2AyeSomLeI2Twf3KzqSbRlA==",
      "dev": true,
      "license": "ISC",
      "bin": {
        "publish-avrae": "src/cli.js"
      },
      "engines": {
        "node": ">=18"
      }
    }
  }
}
