{
  "name": "westmarch-generic",
  "version": "0.1.0",
  "lockfileVersion": 3,
  "requires": true,
  "packages": {
    "": {
      "name": "westmarch-generic",
      "version": "0.1.0",
      "license": "ISC",
      "devDependencies": {
        "publish-avrae": "^1.1.2"
      }
    },
    "node_modules/publish-avrae": {
      "version": "1.1.2",
      "resolved": "https://registry.npmjs.org/publish-avrae/-/publish-avrae-1.1.2.tgz",
      "integrity": "sha512-LEKa0cisO9/NfkvMDBFH9Ya2by7EPUTEh2R/CLuenMhIGv3dlrugi5/vClCwMiyjr0/6gGTxitVBS6sv9YRuDg==",
      "dev": true,
      "license": "ISC",
      "bin": {
        "publish-avrae": "src/cli.js"
      },
      "engines": {
        "node": ">=18"
      }
    }
  }
}
